
Microsoft Visual Studio Solution File, Format Version 12.00
# Visual Studio Version 17
VisualStudioVersion = 17.3.32825.248
MinimumVisualStudioVersion = 10.0.40219.1
Project("{FAE04EC0-301F-11D3-BF4B-00C04F79EFBC}") = "Helpdesk dotnetcore app", "Helpdesk dotnetcore app\Helpdesk dotnetcore app.csproj", "{FD54C32F-CA37-4A98-A5AA-F92A1F8385A0}"
EndProject
Project("{FAE04EC0-301F-11D3-BF4B-00C04F79EFBC}") = "Helpdesk.Core", "Helpdesk.Core\Helpdesk.Core.csproj", "{95A8C6A6-D59D-4723-8689-78AA3BA66B2C}"
EndProject
Project("{FAE04EC0-301F-11D3-BF4B-00C04F79EFBC}") = "Helpdesk.Infrastructure", "Helpdesk.Infrastructure\Helpdesk.Infrastructure.csproj", "{D76F6CBE-9855-4642-9C39-B901DAB5913E}"
EndProject
Global
	GlobalSection(SolutionConfigurationPlatforms) = preSolution
		Debug|Any CPU = Debug|Any CPU
		Release|Any CPU = Release|Any CPU
	EndGlobalSection
	GlobalSection(ProjectConfigurationPlatforms) = postSolution
		{FD54C32F-CA37-4A98-A5AA-F92A1F8385A0}.Debug|Any CPU.ActiveCfg = Debug|Any CPU
		{FD54C32F-CA37-4A98-A5AA-F92A1F8385A0}.Debug|Any CPU.Build.0 = Debug|Any CPU
		{FD54C32F-CA37-4A98-A5AA-F92A1F8385A0}.Release|Any CPU.ActiveCfg = Release|Any CPU
		{FD54C32F-CA37-4A98-A5AA-F92A1F8385A0}.Release|Any CPU.Build.0 = Release|Any CPU
		{95A8C6A6-D59D-4723-8689-78AA3BA66B2C}.Debug|Any CPU.ActiveCfg = Debug|Any CPU
		{95A8C6A6-D59D-4723-8689-78AA3BA66B2C}.Debug|Any CPU.Build.0 = Debug|Any CPU
		{95A8C6A6-D59D-4723-8689-78AA3BA66B2C}.Release|Any CPU.ActiveCfg = Release|Any CPU
		{95A8C6A6-D59D-4723-8689-78AA3BA66B2C}.Release|Any CPU.Build.0 = Release|Any CPU
		{D76F6CBE-9855-4642-9C39-B901DAB5913E}.Debug|Any CPU.ActiveCfg = Debug|Any CPU
		{D76F6CBE-9855-4642-9C39-B901DAB5913E}.Debug|Any CPU.Build.0 = Debug|Any CPU
		{D76F6CBE-9855-4642-9C39-B901DAB5913E}.Release|Any CPU.ActiveCfg = Release|Any CPU
		{D76F6CBE-9855-4642-9C39-B901DAB5913E}.Release|Any CPU.Build.0 = Release|Any CPU
	EndGlobalSection
	GlobalSection(SolutionProperties) = preSolution
		HideSolutionNode = FALSE
	EndGlobalSection
	GlobalSection(ExtensibilityGlobals) = postSolution
		SolutionGuid = {845EF122-0364-4613-904A-7E771B7F6EDD}
	EndGlobalSection
EndGlobal
